
Microsoft Visual Studio Solution File, Format Version 12.00
# Visual Studio Version 17
VisualStudioVersion = 17.5.002.0
MinimumVisualStudioVersion = 10.0.40219.1
Project("{9A19103F-16F7-4668-BE54-9A1E7A4F7556}") = "BlazorBlog", "BlazorBlog.csproj", "{25AE6C85-D714-4F04-A5C4-19A59E0BE4A9}"
EndProject
Global
	GlobalSection(SolutionConfigurationPlatforms) = preSolution
		Debug|Any CPU = Debug|Any CPU
		Release|Any CPU = Release|Any CPU
	EndGlobalSection
	GlobalSection(ProjectConfigurationPlatforms) = postSolution
		{25AE6C85-D714-4F04-A5C4-19A59E0BE4A9}.Debug|Any CPU.ActiveCfg = Debug|Any CPU
		{25AE6C85-D714-4F04-A5C4-19A59E0BE4A9}.Debug|Any CPU.Build.0 = Debug|Any CPU
		{25AE6C85-D714-4F04-A5C4-19A59E0BE4A9}.Release|Any CPU.ActiveCfg = Release|Any CPU
		{25AE6C85-D714-4F04-A5C4-19A59E0BE4A9}.Release|Any CPU.Build.0 = Release|Any CPU
	EndGlobalSection
	GlobalSection(SolutionProperties) = preSolution
		HideSolutionNode = FALSE
	EndGlobalSection
	GlobalSection(ExtensibilityGlobals) = postSolution
		SolutionGuid = {9266ABC2-07B1-4832-A5BE-F159DB02CFFF}
	EndGlobalSection
EndGlobal
